
Microsoft Visual Studio Solution File, Format Version 12.00
# Visual Studio 15
VisualStudioVersion = 15.0.28307.168
MinimumVisualStudioVersion = 10.0.40219.1
Project("{9A19103F-16F7-4668-BE54-9A1E7A4F7556}") = "ThermalPrinterNetCore", "ThermalPrinterNetCore\ThermalPrinterNetCore.csproj", "{43CCF5AA-FB0E-4CE4-8749-1354D3F86E41}"
EndProject
Global
	GlobalSection(SolutionConfigurationPlatforms) = preSolution
		Debug|Any CPU = Debug|Any CPU
		Release|Any CPU = Release|Any CPU
	EndGlobalSection
	GlobalSection(ProjectConfigurationPlatforms) = postSolution
		{43CCF5AA-FB0E-4CE4-8749-1354D3F86E41}.Debug|Any CPU.ActiveCfg = Debug|Any CPU
		{43CCF5AA-FB0E-4CE4-8749-1354D3F86E41}.Debug|Any CPU.Build.0 = Debug|Any CPU
		{43CCF5AA-FB0E-4CE4-8749-1354D3F86E41}.Release|Any CPU.ActiveCfg = Release|Any CPU
		{43CCF5AA-FB0E-4CE4-8749-1354D3F86E41}.Release|Any CPU.Build.0 = Release|Any CPU
	EndGlobalSection
	GlobalSection(SolutionProperties) = preSolution
		HideSolutionNode = FALSE
	EndGlobalSection
	GlobalSection(ExtensibilityGlobals) = postSolution
		SolutionGuid = {F54E4985-C435-4744-B3C3-9BF0430B8F68}
	EndGlobalSection
EndGlobal
